
Microsoft Visual Studio Solution File, Format Version 12.00
# Visual Studio Version 16
VisualStudioVersion = 16.0.31205.134
MinimumVisualStudioVersion = 10.0.40219.1
Project("{8BC9CEB8-8B4A-11D0-8D11-00A0C91BC942}") = "Project DS", "Project DS\Project DS.vcxproj", "{2AF29B01-C8A3-4F87-9CB9-4B84753FA223}"
EndProject
Global
	GlobalSection(SolutionConfigurationPlatforms) = preSolution
		Debug|x64 = Debug|x64
		Debug|x86 = Debug|x86
		Release|x64 = Release|x64
		Release|x86 = Release|x86
	EndGlobalSection
	GlobalSection(ProjectConfigurationPlatforms) = postSolution
		{2AF29B01-C8A3-4F87-9CB9-4B84753FA223}.Debug|x64.ActiveCfg = Debug|x64
		{2AF29B01-C8A3-4F87-9CB9-4B84753FA223}.Debug|x64.Build.0 = Debug|x64
		{2AF29B01-C8A3-4F87-9CB9-4B84753FA223}.Debug|x86.ActiveCfg = Debug|Win32
		{2AF29B01-C8A3-4F87-9CB9-4B84753FA223}.Debug|x86.Build.0 = Debug|Win32
		{2AF29B01-C8A3-4F87-9CB9-4B84753FA223}.Release|x64.ActiveCfg = Release|x64
		{2AF29B01-C8A3-4F87-9CB9-4B84753FA223}.Release|x64.Build.0 = Release|x64
		{2AF29B01-C8A3-4F87-9CB9-4B84753FA223}.Release|x86.ActiveCfg = Release|Win32
		{2AF29B01-C8A3-4F87-9CB9-4B84753FA223}.Release|x86.Build.0 = Release|Win32
	EndGlobalSection
	GlobalSection(SolutionProperties) = preSolution
		HideSolutionNode = FALSE
	EndGlobalSection
	GlobalSection(ExtensibilityGlobals) = postSolution
		SolutionGuid = {B7D1EEBC-26B2-4DDC-BD37-F0FFB69144F2}
	EndGlobalSection
EndGlobal
